
Microsoft Visual Studio Solution File, Format Version 12.00
# Visual Studio Version 17
VisualStudioVersion = 17.0.31903.59
MinimumVisualStudioVersion = 10.0.40219.1
Project("{2150E333-8FDC-42A3-9474-1A3956D46DE8}") = "src", "src", "{827E0CD3-B72D-47B6-A68D-7590B98EB39B}"
EndProject
Project("{FAE04EC0-301F-11D3-BF4B-00C04F79EFBC}") = "CoachBoard.Domain", "src\CoachBoard.Domain\CoachBoard.Domain.csproj", "{337A9EC2-0CAC-4066-9C74-9BA19D255F95}"
EndProject
Project("{FAE04EC0-301F-11D3-BF4B-00C04F79EFBC}") = "CoachBoard.Application", "src\CoachBoard.Application\CoachBoard.Application.csproj", "{53A0A679-E8B4-456D-BCDA-2819D65A88E2}"
EndProject
Project("{FAE04EC0-301F-11D3-BF4B-00C04F79EFBC}") = "CoachBoard.Infrastructure", "src\CoachBoard.Infrastructure\CoachBoard.Infrastructure.csproj", "{B2D0870E-6346-4178-86A9-88B5D9CF7DF6}"
EndProject
Project("{FAE04EC0-301F-11D3-BF4B-00C04F79EFBC}") = "CoachBoard.Api", "src\CoachBoard.Api\CoachBoard.Api.csproj", "{1C3ACD42-7CF9-4EC5-86B5-5A48CCDA791A}"
EndProject
Project("{FAE04EC0-301F-11D3-BF4B-00C04F79EFBC}") = "CoachBoard.Contracts", "src\CoachBoard.Contracts\CoachBoard.Contracts.csproj", "{DE66ACBF-F456-4FFC-9114-C91C76F7F558}"
EndProject
Project("{2150E333-8FDC-42A3-9474-1A3956D46DE8}") = "tests", "tests", "{0AB3BF05-4346-4AA6-1389-037BE0695223}"
EndProject
Project("{FAE04EC0-301F-11D3-BF4B-00C04F79EFBC}") = "CoachBoard.Tests", "tests\CoachBoard.Tests\CoachBoard.Tests.csproj", "{143B1FE6-09C1-493E-9C67-EEDAA6294EA5}"
EndProject
Project("{FAE04EC0-301F-11D3-BF4B-00C04F79EFBC}") = "CoachBoard.Application.Tests", "tests\CoachBoard.Application.Tests\CoachBoard.Application.Tests.csproj", "{3E46214A-9064-4FCA-87E7-8E7CA0F1F2E3}"
EndProject
Project("{FAE04EC0-301F-11D3-BF4B-00C04F79EFBC}") = "CoachBoard.Api.Tests", "tests\CoachBoard.Api.Tests\CoachBoard.Api.Tests.csproj", "{6B886CBB-E385-4F63-8A5B-B5B45F130B62}"
EndProject
Project("{FAE04EC0-301F-11D3-BF4B-00C04F79EFBC}") = "CoachBoard.Domain.Tests", "tests\CoachBoard.Domain.Tests\CoachBoard.Domain.Tests.csproj", "{5A71B367-89AC-44A1-A796-2713ABF269C8}"
EndProject
Global
	GlobalSection(SolutionConfigurationPlatforms) = preSolution
		Debug|Any CPU = Debug|Any CPU
		Debug|x64 = Debug|x64
		Debug|x86 = Debug|x86
		Release|Any CPU = Release|Any CPU
		Release|x64 = Release|x64
		Release|x86 = Release|x86
	EndGlobalSection
	GlobalSection(ProjectConfigurationPlatforms) = postSolution
		{337A9EC2-0CAC-4066-9C74-9BA19D255F95}.Debug|Any CPU.ActiveCfg = Debug|Any CPU
		{337A9EC2-0CAC-4066-9C74-9BA19D255F95}.Debug|Any CPU.Build.0 = Debug|Any CPU
		{337A9EC2-0CAC-4066-9C74-9BA19D255F95}.Debug|x64.ActiveCfg = Debug|Any CPU
		{337A9EC2-0CAC-4066-9C74-9BA19D255F95}.Debug|x64.Build.0 = Debug|Any CPU
		{337A9EC2-0CAC-4066-9C74-9BA19D255F95}.Debug|x86.ActiveCfg = Debug|Any CPU
		{337A9EC2-0CAC-4066-9C74-9BA19D255F95}.Debug|x86.Build.0 = Debug|Any CPU
		{337A9EC2-0CAC-4066-9C74-9BA19D255F95}.Release|Any CPU.ActiveCfg = Release|Any CPU
		{337A9EC2-0CAC-4066-9C74-9BA19D255F95}.Release|Any CPU.Build.0 = Release|Any CPU
		{337A9EC2-0CAC-4066-9C74-9BA19D255F95}.Release|x64.ActiveCfg = Release|Any CPU
		{337A9EC2-0CAC-4066-9C74-9BA19D255F95}.Release|x64.Build.0 = Release|Any CPU
		{337A9EC2-0CAC-4066-9C74-9BA19D255F95}.Release|x86.ActiveCfg = Release|Any CPU
		{337A9EC2-0CAC-4066-9C74-9BA19D255F95}.Release|x86.Build.0 = Release|Any CPU
		{53A0A679-E8B4-456D-BCDA-2819D65A88E2}.Debug|Any CPU.ActiveCfg = Debug|Any CPU
		{53A0A679-E8B4-456D-BCDA-2819D65A88E2}.Debug|Any CPU.Build.0 = Debug|Any CPU
		{53A0A679-E8B4-456D-BCDA-2819D65A88E2}.Debug|x64.ActiveCfg = Debug|Any CPU
		{53A0A679-E8B4-456D-BCDA-2819D65A88E2}.Debug|x64.Build.0 = Debug|Any CPU
		{53A0A679-E8B4-456D-BCDA-2819D65A88E2}.Debug|x86.ActiveCfg = Debug|Any CPU
		{53A0A679-E8B4-456D-BCDA-2819D65A88E2}.Debug|x86.Build.0 = Debug|Any CPU
		{53A0A679-E8B4-456D-BCDA-2819D65A88E2}.Release|Any CPU.ActiveCfg = Release|Any CPU
		{53A0A679-E8B4-456D-BCDA-2819D65A88E2}.Release|Any CPU.Build.0 = Release|Any CPU
		{53A0A679-E8B4-456D-BCDA-2819D65A88E2}.Release|x64.ActiveCfg = Release|Any CPU
		{53A0A679-E8B4-456D-BCDA-2819D65A88E2}.Release|x64.Build.0 = Release|Any CPU
		{53A0A679-E8B4-456D-BCDA-2819D65A88E2}.Release|x86.ActiveCfg = Release|Any CPU
		{53A0A679-E8B4-456D-BCDA-2819D65A88E2}.Release|x86.Build.0 = Release|Any CPU
		{B2D0870E-6346-4178-86A9-88B5D9CF7DF6}.Debug|Any CPU.ActiveCfg = Debug|Any CPU
		{B2D0870E-6346-4178-86A9-88B5D9CF7DF6}.Debug|Any CPU.Build.0 = Debug|Any CPU
		{B2D0870E-6346-4178-86A9-88B5D9CF7DF6}.Debug|x64.ActiveCfg = Debug|Any CPU
		{B2D0870E-6346-4178-86A9-88B5D9CF7DF6}.Debug|x64.Build.0 = Debug|Any CPU
		{B2D0870E-6346-4178-86A9-88B5D9CF7DF6}.Debug|x86.ActiveCfg = Debug|Any CPU
		{B2D0870E-6346-4178-86A9-88B5D9CF7DF6}.Debug|x86.Build.0 = Debug|Any CPU
		{B2D0870E-6346-4178-86A9-88B5D9CF7DF6}.Release|Any CPU.ActiveCfg = Release|Any CPU
		{B2D0870E-6346-4178-86A9-88B5D9CF7DF6}.Release|Any CPU.Build.0 = Release|Any CPU
		{B2D0870E-6346-4178-86A9-88B5D9CF7DF6}.Release|x64.ActiveCfg = Release|Any CPU
		{B2D0870E-6346-4178-86A9-88B5D9CF7DF6}.Release|x64.Build.0 = Release|Any CPU
		{B2D0870E-6346-4178-86A9-88B5D9CF7DF6}.Release|x86.ActiveCfg = Release|Any CPU
		{B2D0870E-6346-4178-86A9-88B5D9CF7DF6}.Release|x86.Build.0 = Release|Any CPU
		{1C3ACD42-7CF9-4EC5-86B5-5A48CCDA791A}.Debug|Any CPU.ActiveCfg = Debug|Any CPU
		{1C3ACD42-7CF9-4EC5-86B5-5A48CCDA791A}.Debug|Any CPU.Build.0 = Debug|Any CPU
		{1C3ACD42-7CF9-4EC5-86B5-5A48CCDA791A}.Debug|x64.ActiveCfg = Debug|Any CPU
		{1C3ACD42-7CF9-4EC5-86B5-5A48CCDA791A}.Debug|x64.Build.0 = Debug|Any CPU
		{1C3ACD42-7CF9-4EC5-86B5-5A48CCDA791A}.Debug|x86.ActiveCfg = Debug|Any CPU
		{1C3ACD42-7CF9-4EC5-86B5-5A48CCDA791A}.Debug|x86.Build.0 = Debug|Any CPU
		{1C3ACD42-7CF9-4EC5-86B5-5A48CCDA791A}.Release|Any CPU.ActiveCfg = Release|Any CPU
		{1C3ACD42-7CF9-4EC5-86B5-5A48CCDA791A}.Release|Any CPU.Build.0 = Release|Any CPU
		{1C3ACD42-7CF9-4EC5-86B5-5A48CCDA791A}.Release|x64.ActiveCfg = Release|Any CPU
		{1C3ACD42-7CF9-4EC5-86B5-5A48CCDA791A}.Release|x64.Build.0 = Release|Any CPU
		{1C3ACD42-7CF9-4EC5-86B5-5A48CCDA791A}.Release|x86.ActiveCfg = Release|Any CPU
		{1C3ACD42-7CF9-4EC5-86B5-5A48CCDA791A}.Release|x86.Build.0 = Release|Any CPU
		{DE66ACBF-F456-4FFC-9114-C91C76F7F558}.Debug|Any CPU.ActiveCfg = Debug|Any CPU
		{DE66ACBF-F456-4FFC-9114-C91C76F7F558}.Debug|Any CPU.Build.0 = Debug|Any CPU
		{DE66ACBF-F456-4FFC-9114-C91C76F7F558}.Debug|x64.ActiveCfg = Debug|Any CPU
		{DE66ACBF-F456-4FFC-9114-C91C76F7F558}.Debug|x64.Build.0 = Debug|Any CPU
		{DE66ACBF-F456-4FFC-9114-C91C76F7F558}.Debug|x86.ActiveCfg = Debug|Any CPU
		{DE66ACBF-F456-4FFC-9114-C91C76F7F558}.Debug|x86.Build.0 = Debug|Any CPU
		{DE66ACBF-F456-4FFC-9114-C91C76F7F558}.Release|Any CPU.ActiveCfg = Release|Any CPU
		{DE66ACBF-F456-4FFC-9114-C91C76F7F558}.Release|Any CPU.Build.0 = Release|Any CPU
		{DE66ACBF-F456-4FFC-9114-C91C76F7F558}.Release|x64.ActiveCfg = Release|Any CPU
		{DE66ACBF-F456-4FFC-9114-C91C76F7F558}.Release|x64.Build.0 = Release|Any CPU
		{DE66ACBF-F456-4FFC-9114-C91C76F7F558}.Release|x86.ActiveCfg = Release|Any CPU
		{DE66ACBF-F456-4FFC-9114-C91C76F7F558}.Release|x86.Build.0 = Release|Any CPU
		{143B1FE6-09C1-493E-9C67-EEDAA6294EA5}.Debug|Any CPU.ActiveCfg = Debug|Any CPU
		{143B1FE6-09C1-493E-9C67-EEDAA6294EA5}.Debug|Any CPU.Build.0 = Debug|Any CPU
		{143B1FE6-09C1-493E-9C67-EEDAA6294EA5}.Debug|x64.ActiveCfg = Debug|Any CPU
		{143B1FE6-09C1-493E-9C67-EEDAA6294EA5}.Debug|x64.Build.0 = Debug|Any CPU
		{143B1FE6-09C1-493E-9C67-EEDAA6294EA5}.Debug|x86.ActiveCfg = Debug|Any CPU
		{143B1FE6-09C1-493E-9C67-EEDAA6294EA5}.Debug|x86.Build.0 = Debug|Any CPU
		{143B1FE6-09C1-493E-9C67-EEDAA6294EA5}.Release|Any CPU.ActiveCfg = Release|Any CPU
		{143B1FE6-09C1-493E-9C67-EEDAA6294EA5}.Release|Any CPU.Build.0 = Release|Any CPU
		{143B1FE6-09C1-493E-9C67-EEDAA6294EA5}.Release|x64.ActiveCfg = Release|Any CPU
		{143B1FE6-09C1-493E-9C67-EEDAA6294EA5}.Release|x64.Build.0 = Release|Any CPU
		{143B1FE6-09C1-493E-9C67-EEDAA6294EA5}.Release|x86.ActiveCfg = Release|Any CPU
		{143B1FE6-09C1-493E-9C67-EEDAA6294EA5}.Release|x86.Build.0 = Release|Any CPU
		{3E46214A-9064-4FCA-87E7-8E7CA0F1F2E3}.Debug|Any CPU.ActiveCfg = Debug|Any CPU
		{3E46214A-9064-4FCA-87E7-8E7CA0F1F2E3}.Debug|Any CPU.Build.0 = Debug|Any CPU
		{3E46214A-9064-4FCA-87E7-8E7CA0F1F2E3}.Debug|x64.ActiveCfg = Debug|Any CPU
		{3E46214A-9064-4FCA-87E7-8E7CA0F1F2E3}.Debug|x64.Build.0 = Debug|Any CPU
		{3E46214A-9064-4FCA-87E7-8E7CA0F1F2E3}.Debug|x86.ActiveCfg = Debug|Any CPU
		{3E46214A-9064-4FCA-87E7-8E7CA0F1F2E3}.Debug|x86.Build.0 = Debug|Any CPU
		{3E46214A-9064-4FCA-87E7-8E7CA0F1F2E3}.Release|Any CPU.ActiveCfg = Release|Any CPU
		{3E46214A-9064-4FCA-87E7-8E7CA0F1F2E3}.Release|Any CPU.Build.0 = Release|Any CPU
		{3E46214A-9064-4FCA-87E7-8E7CA0F1F2E3}.Release|x64.ActiveCfg = Release|Any CPU
		{3E46214A-9064-4FCA-87E7-8E7CA0F1F2E3}.Release|x64.Build.0 = Release|Any CPU
		{3E46214A-9064-4FCA-87E7-8E7CA0F1F2E3}.Release|x86.ActiveCfg = Release|Any CPU
		{3E46214A-9064-4FCA-87E7-8E7CA0F1F2E3}.Release|x86.Build.0 = Release|Any CPU
		{6B886CBB-E385-4F63-8A5B-B5B45F130B62}.Debug|Any CPU.ActiveCfg = Debug|Any CPU
		{6B886CBB-E385-4F63-8A5B-B5B45F130B62}.Debug|Any CPU.Build.0 = Debug|Any CPU
		{6B886CBB-E385-4F63-8A5B-B5B45F130B62}.Debug|x64.ActiveCfg = Debug|Any CPU
		{6B886CBB-E385-4F63-8A5B-B5B45F130B62}.Debug|x64.Build.0 = Debug|Any CPU
		{6B886CBB-E385-4F63-8A5B-B5B45F130B62}.Debug|x86.ActiveCfg = Debug|Any CPU
		{6B886CBB-E385-4F63-8A5B-B5B45F130B62}.Debug|x86.Build.0 = Debug|Any CPU
		{6B886CBB-E385-4F63-8A5B-B5B45F130B62}.Release|Any CPU.ActiveCfg = Release|Any CPU
		{6B886CBB-E385-4F63-8A5B-B5B45F130B62}.Release|Any CPU.Build.0 = Release|Any CPU
		{6B886CBB-E385-4F63-8A5B-B5B45F130B62}.Release|x64.ActiveCfg = Release|Any CPU
		{6B886CBB-E385-4F63-8A5B-B5B45F130B62}.Release|x64.Build.0 = Release|Any CPU
		{6B886CBB-E385-4F63-8A5B-B5B45F130B62}.Release|x86.ActiveCfg = Release|Any CPU
		{6B886CBB-E385-4F63-8A5B-B5B45F130B62}.Release|x86.Build.0 = Release|Any CPU
		{5A71B367-89AC-44A1-A796-2713ABF269C8}.Debug|Any CPU.ActiveCfg = Debug|Any CPU
		{5A71B367-89AC-44A1-A796-2713ABF269C8}.Debug|Any CPU.Build.0 = Debug|Any CPU
		{5A71B367-89AC-44A1-A796-2713ABF269C8}.Debug|x64.ActiveCfg = Debug|Any CPU
		{5A71B367-89AC-44A1-A796-2713ABF269C8}.Debug|x64.Build.0 = Debug|Any CPU
		{5A71B367-89AC-44A1-A796-2713ABF269C8}.Debug|x86.ActiveCfg = Debug|Any CPU
		{5A71B367-89AC-44A1-A796-2713ABF269C8}.Debug|x86.Build.0 = Debug|Any CPU
		{5A71B367-89AC-44A1-A796-2713ABF269C8}.Release|Any CPU.ActiveCfg = Release|Any CPU
		{5A71B367-89AC-44A1-A796-2713ABF269C8}.Release|Any CPU.Build.0 = Release|Any CPU
		{5A71B367-89AC-44A1-A796-2713ABF269C8}.Release|x64.ActiveCfg = Release|Any CPU
		{5A71B367-89AC-44A1-A796-2713ABF269C8}.Release|x64.Build.0 = Release|Any CPU
		{5A71B367-89AC-44A1-A796-2713ABF269C8}.Release|x86.ActiveCfg = Release|Any CPU
		{5A71B367-89AC-44A1-A796-2713ABF269C8}.Release|x86.Build.0 = Release|Any CPU
	EndGlobalSection
	GlobalSection(SolutionProperties) = preSolution
		HideSolutionNode = FALSE
	EndGlobalSection
	GlobalSection(NestedProjects) = preSolution
		{337A9EC2-0CAC-4066-9C74-9BA19D255F95} = {827E0CD3-B72D-47B6-A68D-7590B98EB39B}
		{53A0A679-E8B4-456D-BCDA-2819D65A88E2} = {827E0CD3-B72D-47B6-A68D-7590B98EB39B}
		{B2D0870E-6346-4178-86A9-88B5D9CF7DF6} = {827E0CD3-B72D-47B6-A68D-7590B98EB39B}
		{1C3ACD42-7CF9-4EC5-86B5-5A48CCDA791A} = {827E0CD3-B72D-47B6-A68D-7590B98EB39B}
		{DE66ACBF-F456-4FFC-9114-C91C76F7F558} = {827E0CD3-B72D-47B6-A68D-7590B98EB39B}
		{143B1FE6-09C1-493E-9C67-EEDAA6294EA5} = {0AB3BF05-4346-4AA6-1389-037BE0695223}
		{3E46214A-9064-4FCA-87E7-8E7CA0F1F2E3} = {0AB3BF05-4346-4AA6-1389-037BE0695223}
		{6B886CBB-E385-4F63-8A5B-B5B45F130B62} = {0AB3BF05-4346-4AA6-1389-037BE0695223}
		{5A71B367-89AC-44A1-A796-2713ABF269C8} = {0AB3BF05-4346-4AA6-1389-037BE0695223}
	EndGlobalSection
EndGlobal
